
Microsoft Visual Studio Solution File, Format Version 12.00
# Visual Studio 15
VisualStudioVersion = 15.0.27428.2015
MinimumVisualStudioVersion = 10.0.40219.1
Project("{FAE04EC0-301F-11D3-BF4B-00C04F79EFBC}") = "TestWyam", "TestWyam\TestWyam.csproj", "{7EB9B7DE-AB09-4CA8-9A2D-1A41A0A0A8CE}"
EndProject
Global
	GlobalSection(SolutionConfigurationPlatforms) = preSolution
		Debug|Any CPU = Debug|Any CPU
		Release|Any CPU = Release|Any CPU
	EndGlobalSection
	GlobalSection(ProjectConfigurationPlatforms) = postSolution
		{7EB9B7DE-AB09-4CA8-9A2D-1A41A0A0A8CE}.Debug|Any CPU.ActiveCfg = Debug|Any CPU
		{7EB9B7DE-AB09-4CA8-9A2D-1A41A0A0A8CE}.Debug|Any CPU.Build.0 = Debug|Any CPU
		{7EB9B7DE-AB09-4CA8-9A2D-1A41A0A0A8CE}.Release|Any CPU.ActiveCfg = Release|Any CPU
		{7EB9B7DE-AB09-4CA8-9A2D-1A41A0A0A8CE}.Release|Any CPU.Build.0 = Release|Any CPU
	EndGlobalSection
	GlobalSection(SolutionProperties) = preSolution
		HideSolutionNode = FALSE
	EndGlobalSection
	GlobalSection(ExtensibilityGlobals) = postSolution
		SolutionGuid = {58876C29-437D-483F-92BB-4289CDB94738}
	EndGlobalSection
EndGlobal
